// !$*UTF8*$!
{
	archiveVersion = 1;
	classes = {
	};
	objectVersion = 46;
	objects = {

/* Begin PBXBuildFile section */
		7A1925581F7CF54B000CED11 /* GradientColor.swift in Sources */ = {isa = PBXBuildFile; fileRef = 7A1925571F7CF54B000CED11 /* GradientColor.swift */; };
		7A3EEC991F46E62200635A3A /* PositionViewController.swift in Sources */ = {isa = PBXBuildFile; fileRef = 7A3EEC981F46E62200635A3A /* PositionViewController.swift */; };
		7A3EEC9B1F46E67100635A3A /* BaseViewController.swift in Sources */ = {isa = PBXBuildFile; fileRef = 7A3EEC9A1F46E67100635A3A /* BaseViewController.swift */; };
		7A3EEC9D1F46EB6100635A3A /* FHKit.swift in Sources */ = {isa = PBXBuildFile; fileRef = 7A3EEC9C1F46EB6100635A3A /* FHKit.swift */; };
		7A8C85D81F4FC1190072C46D /* LimitInput.swift in Sources */ = {isa = PBXBuildFile; fileRef = 7A8C85D71F4FC1190072C46D /* LimitInput.swift */; };
		7AA64B161F468B08003AC8C6 /* TimerViewController.swift in Sources */ = {isa = PBXBuildFile; fileRef = 7AA64B151F468B08003AC8C6 /* TimerViewController.swift */; };
		7ACE71F61F441D7600242454 /* AppDelegate.swift in Sources */ = {isa = PBXBuildFile; fileRef = 7ACE71F51F441D7600242454 /* AppDelegate.swift */; };
		7ACE71F81F441D7600242454 /* ViewController.swift in Sources */ = {isa = PBXBuildFile; fileRef = 7ACE71F71F441D7600242454 /* ViewController.swift */; };
		7ACE71FB1F441D7600242454 /* Main.storyboard in Resources */ = {isa = PBXBuildFile; fileRef = 7ACE71F91F441D7600242454 /* Main.storyboard */; };
		7ACE71FD1F441D7600242454 /* Assets.xcassets in Resources */ = {isa = PBXBuildFile; fileRef = 7ACE71FC1F441D7600242454 /* Assets.xcassets */; };
		7ACE72001F441D7600242454 /* LaunchScreen.storyboard in Resources */ = {isa = PBXBuildFile; fileRef = 7ACE71FE1F441D7600242454 /* LaunchScreen.storyboard */; };
		7ACE72091F441F1500242454 /* Tool.swift in Sources */ = {isa = PBXBuildFile; fileRef = 7ACE72081F441F1500242454 /* Tool.swift */; };
		7ACE720B1F4422DF00242454 /* FontChangeVC.swift in Sources */ = {isa = PBXBuildFile; fileRef = 7ACE720A1F4422DF00242454 /* FontChangeVC.swift */; };
		7ACE720D1F44286E00242454 /* FrameTool.swift in Sources */ = {isa = PBXBuildFile; fileRef = 7ACE720C1F44286E00242454 /* FrameTool.swift */; };
/* End PBXBuildFile section */

/* Begin PBXFileReference section */
		7A1925571F7CF54B000CED11 /* GradientColor.swift */ = {isa = PBXFileReference; fileEncoding = 4; lastKnownFileType = sourcecode.swift; path = GradientColor.swift; sourceTree = "<group>"; };
		7A3EEC981F46E62200635A3A /* PositionViewController.swift */ = {isa = PBXFileReference; fileEncoding = 4; lastKnownFileType = sourcecode.swift; path = PositionViewController.swift; sourceTree = "<group>"; };
		7A3EEC9A1F46E67100635A3A /* BaseViewController.swift */ = {isa = PBXFileReference; fileEncoding = 4; lastKnownFileType = sourcecode.swift; path = BaseViewController.swift; sourceTree = "<group>"; };
		7A3EEC9C1F46EB6100635A3A /* FHKit.swift */ = {isa = PBXFileReference; fileEncoding = 4; lastKnownFileType = sourcecode.swift; path = FHKit.swift; sourceTree = "<group>"; };
		7A8C85D71F4FC1190072C46D /* LimitInput.swift */ = {isa = PBXFileReference; fileEncoding = 4; lastKnownFileType = sourcecode.swift; path = LimitInput.swift; sourceTree = "<group>"; };
		7AA64B151F468B08003AC8C6 /* TimerViewController.swift */ = {isa = PBXFileReference; fileEncoding = 4; lastKnownFileType = sourcecode.swift; path = TimerViewController.swift; sourceTree = "<group>"; };
		7ACE71F21F441D7600242454 /* SwiftStudyDemo.app */ = {isa = PBXFileReference; explicitFileType = wrapper.application; includeInIndex = 0; path = SwiftStudyDemo.app; sourceTree = BUILT_PRODUCTS_DIR; };
		7ACE71F51F441D7600242454 /* AppDelegate.swift */ = {isa = PBXFileReference; lastKnownFileType = sourcecode.swift; path = AppDelegate.swift; sourceTree = "<group>"; };
		7ACE71F71F441D7600242454 /* ViewController.swift */ = {isa = PBXFileReference; lastKnownFileType = sourcecode.swift; path = ViewController.swift; sourceTree = "<group>"; };
		7ACE71FA1F441D7600242454 /* Base */ = {isa = PBXFileReference; lastKnownFileType = file.storyboard; name = Base; path = Base.lproj/Main.storyboard; sourceTree = "<group>"; };
		7ACE71FC1F441D7600242454 /* Assets.xcassets */ = {isa = PBXFileReference; lastKnownFileType = folder.assetcatalog; path = Assets.xcassets; sourceTree = "<group>"; };
		7ACE71FF1F441D7600242454 /* Base */ = {isa = PBXFileReference; lastKnownFileType = file.storyboard; name = Base; path = Base.lproj/LaunchScreen.storyboard; sourceTree = "<group>"; };
		7ACE72011F441D7600242454 /* Info.plist */ = {isa = PBXFileReference; lastKnownFileType = text.plist.xml; path = Info.plist; sourceTree = "<group>"; };
		7ACE72081F441F1500242454 /* Tool.swift */ = {isa = PBXFileReference; fileEncoding = 4; lastKnownFileType = sourcecode.swift; path = Tool.swift; sourceTree = "<group>"; };
		7ACE720A1F4422DF00242454 /* FontChangeVC.swift */ = {isa = PBXFileReference; fileEncoding = 4; lastKnownFileType = sourcecode.swift; path = FontChangeVC.swift; sourceTree = "<group>"; };
		7ACE720C1F44286E00242454 /* FrameTool.swift */ = {isa = PBXFileReference; fileEncoding = 4; lastKnownFileType = sourcecode.swift; path = FrameTool.swift; sourceTree = "<group>"; };
/* End PBXFileReference section */

/* Begin PBXFrameworksBuildPhase section */
		7ACE71EF1F441D7600242454 /* Frameworks */ = {
			isa = PBXFrameworksBuildPhase;
			buildActionMask = 2147483647;
			files = (
			);
			runOnlyForDeploymentPostprocessing = 0;
		};
/* End PBXFrameworksBuildPhase section */

/* Begin PBXGroup section */
		7A1925561F7CF524000CED11 /* 渐变色 */ = {
			isa = PBXGroup;
			children = (
				7A1925571F7CF54B000CED11 /* GradientColor.swift */,
			);
			name = "渐变色";
			sourceTree = "<group>";
		};
		7A3EEC971F46E5DE00635A3A /* 定位和反编码 */ = {
			isa = PBXGroup;
			children = (
				7A3EEC981F46E62200635A3A /* PositionViewController.swift */,
			);
			name = "定位和反编码";
			sourceTree = "<group>";
		};
		7A8C85D61F4FBF1E0072C46D /* 根据输入长度来改变输入高度 */ = {
			isa = PBXGroup;
			children = (
				7A8C85D71F4FC1190072C46D /* LimitInput.swift */,
			);
			name = "根据输入长度来改变输入高度";
			sourceTree = "<group>";
		};
		7AA64B141F468AED003AC8C6 /* 时钟 */ = {
			isa = PBXGroup;
			children = (
				7AA64B151F468B08003AC8C6 /* TimerViewController.swift */,
			);
			name = "时钟";
			sourceTree = "<group>";
		};
		7ACE71E91F441D7500242454 = {
			isa = PBXGroup;
			children = (
				7ACE71F41F441D7600242454 /* SwiftStudyDemo */,
				7ACE71F31F441D7600242454 /* Products */,
			);
			sourceTree = "<group>";
		};
		7ACE71F31F441D7600242454 /* Products */ = {
			isa = PBXGroup;
			children = (
				7ACE71F21F441D7600242454 /* SwiftStudyDemo.app */,
			);
			name = Products;
			sourceTree = "<group>";
		};
		7ACE71F41F441D7600242454 /* SwiftStudyDemo */ = {
			isa = PBXGroup;
			children = (
				7A1925561F7CF524000CED11 /* 渐变色 */,
				7A8C85D61F4FBF1E0072C46D /* 根据输入长度来改变输入高度 */,
				7A3EEC971F46E5DE00635A3A /* 定位和反编码 */,
				7AA64B141F468AED003AC8C6 /* 时钟 */,
				7ACE72071F441E9800242454 /* Ulitis */,
				7ACE71F51F441D7600242454 /* AppDelegate.swift */,
				7ACE71F71F441D7600242454 /* ViewController.swift */,
				7ACE71F91F441D7600242454 /* Main.storyboard */,
				7ACE71FC1F441D7600242454 /* Assets.xcassets */,
				7ACE71FE1F441D7600242454 /* LaunchScreen.storyboard */,
				7ACE72011F441D7600242454 /* Info.plist */,
			);
			path = SwiftStudyDemo;
			sourceTree = "<group>";
		};
		7ACE72071F441E9800242454 /* Ulitis */ = {
			isa = PBXGroup;
			children = (
				7ACE72081F441F1500242454 /* Tool.swift */,
				7ACE720A1F4422DF00242454 /* FontChangeVC.swift */,
				7ACE720C1F44286E00242454 /* FrameTool.swift */,
				7A3EEC9A1F46E67100635A3A /* BaseViewController.swift */,
				7A3EEC9C1F46EB6100635A3A /* FHKit.swift */,
			);
			path = Ulitis;
			sourceTree = "<group>";
		};
/* End PBXGroup section */

/* Begin PBXNativeTarget section */
		7ACE71F11F441D7600242454 /* SwiftStudyDemo */ = {
			isa = PBXNativeTarget;
			buildConfigurationList = 7ACE72041F441D7600242454 /* Build configuration list for PBXNativeTarget "SwiftStudyDemo" */;
			buildPhases = (
				7ACE71EE1F441D7600242454 /* Sources */,
				7ACE71EF1F441D7600242454 /* Frameworks */,
				7ACE71F01F441D7600242454 /* Resources */,
			);
			buildRules = (
			);
			dependencies = (
			);
			name = SwiftStudyDemo;
			productName = SwiftStudyDemo;
			productReference = 7ACE71F21F441D7600242454 /* SwiftStudyDemo.app */;
			productType = "com.apple.product-type.application";
		};
/* End PBXNativeTarget section */

/* Begin PBXProject section */
		7ACE71EA1F441D7500242454 /* Project object */ = {
			isa = PBXProject;
			attributes = {
				LastSwiftUpdateCheck = 0830;
				LastUpgradeCheck = 0830;
				ORGANIZATIONNAME = "胡斐";
				TargetAttributes = {
					7ACE71F11F441D7600242454 = {
						CreatedOnToolsVersion = 8.3.3;
						ProvisioningStyle = Automatic;
					};
				};
			};
			buildConfigurationList = 7ACE71ED1F441D7500242454 /* Build configuration list for PBXProject "SwiftStudyDemo" */;
			compatibilityVersion = "Xcode 3.2";
			developmentRegion = English;
			hasScannedForEncodings = 0;
			knownRegions = (
				en,
				Base,
			);
			mainGroup = 7ACE71E91F441D7500242454;
			productRefGroup = 7ACE71F31F441D7600242454 /* Products */;
			projectDirPath = "";
			projectRoot = "";
			targets = (
				7ACE71F11F441D7600242454 /* SwiftStudyDemo */,
			);
		};
/* End PBXProject section */

/* Begin PBXResourcesBuildPhase section */
		7ACE71F01F441D7600242454 /* Resources */ = {
			isa = PBXResourcesBuildPhase;
			buildActionMask = 2147483647;
			files = (
				7ACE72001F441D7600242454 /* LaunchScreen.storyboard in Resources */,
				7ACE71FD1F441D7600242454 /* Assets.xcassets in Resources */,
				7ACE71FB1F441D7600242454 /* Main.storyboard in Resources */,
			);
			runOnlyForDeploymentPostprocessing = 0;
		};
/* End PBXResourcesBuildPhase section */

/* Begin PBXSourcesBuildPhase section */
		7ACE71EE1F441D7600242454 /* Sources */ = {
			isa = PBXSourcesBuildPhase;
			buildActionMask = 2147483647;
			files = (
				7A8C85D81F4FC1190072C46D /* LimitInput.swift in Sources */,
				7A3EEC9D1F46EB6100635A3A /* FHKit.swift in Sources */,
				7ACE72091F441F1500242454 /* Tool.swift in Sources */,
				7A3EEC991F46E62200635A3A /* PositionViewController.swift in Sources */,
				7ACE720D1F44286E00242454 /* FrameTool.swift in Sources */,
				7ACE71F81F441D7600242454 /* ViewController.swift in Sources */,
				7ACE71F61F441D7600242454 /* AppDelegate.swift in Sources */,
				7A3EEC9B1F46E67100635A3A /* BaseViewController.swift in Sources */,
				7A1925581F7CF54B000CED11 /* GradientColor.swift in Sources */,
				7AA64B161F468B08003AC8C6 /* TimerViewController.swift in Sources */,
				7ACE720B1F4422DF00242454 /* FontChangeVC.swift in Sources */,
			);
			runOnlyForDeploymentPostprocessing = 0;
		};
/* End PBXSourcesBuildPhase section */

/* Begin PBXVariantGroup section */
		7ACE71F91F441D7600242454 /* Main.storyboard */ = {
			isa = PBXVariantGroup;
			children = (
				7ACE71FA1F441D7600242454 /* Base */,
			);
			name = Main.storyboard;
			sourceTree = "<group>";
		};
		7ACE71FE1F441D7600242454 /* LaunchScreen.storyboard */ = {
			isa = PBXVariantGroup;
			children = (
				7ACE71FF1F441D7600242454 /* Base */,
			);
			name = LaunchScreen.storyboard;
			sourceTree = "<group>";
		};
/* End PBXVariantGroup section */

/* Begin XCBuildConfiguration section */
		7ACE72021F441D7600242454 /* Debug */ = {
			isa = XCBuildConfiguration;
			buildSettings = {
				ALWAYS_SEARCH_USER_PATHS = NO;
				CLANG_ANALYZER_NONNULL = YES;
				CLANG_ANALYZER_NUMBER_OBJECT_CONVERSION = YES_AGGRESSIVE;
				CLANG_CXX_LANGUAGE_STANDARD = "gnu++0x";
				CLANG_CXX_LIBRARY = "libc++";
				CLANG_ENABLE_MODULES = YES;
				CLANG_ENABLE_OBJC_ARC = YES;
				CLANG_WARN_BOOL_CONVERSION = YES;
				CLANG_WARN_CONSTANT_CONVERSION = YES;
				CLANG_WARN_DIRECT_OBJC_ISA_USAGE = YES_ERROR;
				CLANG_WARN_DOCUMENTATION_COMMENTS = YES;
				CLANG_WARN_EMPTY_BODY = YES;
				CLANG_WARN_ENUM_CONVERSION = YES;
				CLANG_WARN_INFINITE_RECURSION = YES;
				CLANG_WARN_INT_CONVERSION = YES;
				CLANG_WARN_OBJC_ROOT_CLASS = YES_ERROR;
				CLANG_WARN_SUSPICIOUS_MOVE = YES;
				CLANG_WARN_UNREACHABLE_CODE = YES;
				CLANG_WARN__DUPLICATE_METHOD_MATCH = YES;
				"CODE_SIGN_IDENTITY[sdk=iphoneos*]" = "iPhone Developer";
				COPY_PHASE_STRIP = NO;
				DEBUG_INFORMATION_FORMAT = dwarf;
				ENABLE_STRICT_OBJC_MSGSEND = YES;
				ENABLE_TESTABILITY = YES;
				GCC_C_LANGUAGE_STANDARD = gnu99;
				GCC_DYNAMIC_NO_PIC = NO;
				GCC_NO_COMMON_BLOCKS = YES;
				GCC_OPTIMIZATION_LEVEL = 0;
				GCC_PREPROCESSOR_DEFINITIONS = (
					"DEBUG=1",
					"$(inherited)",
				);
				GCC_WARN_64_TO_32_BIT_CONVERSION = YES;
				GCC_WARN_ABOUT_RETURN_TYPE = YES_ERROR;
				GCC_WARN_UNDECLARED_SELECTOR = YES;
				GCC_WARN_UNINITIALIZED_AUTOS = YES_AGGRESSIVE;
				GCC_WARN_UNUSED_FUNCTION = YES;
				GCC_WARN_UNUSED_VARIABLE = YES;
				IPHONEOS_DEPLOYMENT_TARGET = 10.3;
				MTL_ENABLE_DEBUG_INFO = YES;
				ONLY_ACTIVE_ARCH = YES;
				SDKROOT = iphoneos;
				SWIFT_ACTIVE_COMPILATION_CONDITIONS = DEBUG;
				SWIFT_OPTIMIZATION_LEVEL = "-Onone";
				TARGETED_DEVICE_FAMILY = "1,2";
			};
			name = Debug;
		};
		7ACE72031F441D7600242454 /* Release */ = {
			isa = XCBuildConfiguration;
			buildSettings = {
				ALWAYS_SEARCH_USER_PATHS = NO;
				CLANG_ANALYZER_NONNULL = YES;
				CLANG_ANALYZER_NUMBER_OBJECT_CONVERSION = YES_AGGRESSIVE;
				CLANG_CXX_LANGUAGE_STANDARD = "gnu++0x";
				CLANG_CXX_LIBRARY = "libc++";
				CLANG_ENABLE_MODULES = YES;
				CLANG_ENABLE_OBJC_ARC = YES;
				CLANG_WARN_BOOL_CONVERSION = YES;
				CLANG_WARN_CONSTANT_CONVERSION = YES;
				CLANG_WARN_DIRECT_OBJC_ISA_USAGE = YES_ERROR;
				CLANG_WARN_DOCUMENTATION_COMMENTS = YES;
				CLANG_WARN_EMPTY_BODY = YES;
				CLANG_WARN_ENUM_CONVERSION = YES;
				CLANG_WARN_INFINITE_RECURSION = YES;
				CLANG_WARN_INT_CONVERSION = YES;
				CLANG_WARN_OBJC_ROOT_CLASS = YES_ERROR;
				CLANG_WARN_SUSPICIOUS_MOVE = YES;
				CLANG_WARN_UNREACHABLE_CODE = YES;
				CLANG_WARN__DUPLICATE_METHOD_MATCH = YES;
				"CODE_SIGN_IDENTITY[sdk=iphoneos*]" = "iPhone Developer";
				COPY_PHASE_STRIP = NO;
				DEBUG_INFORMATION_FORMAT = "dwarf-with-dsym";
				ENABLE_NS_ASSERTIONS = NO;
				ENABLE_STRICT_OBJC_MSGSEND = YES;
				GCC_C_LANGUAGE_STANDARD = gnu99;
				GCC_NO_COMMON_BLOCKS = YES;
				GCC_WARN_64_TO_32_BIT_CONVERSION = YES;
				GCC_WARN_ABOUT_RETURN_TYPE = YES_ERROR;
				GCC_WARN_UNDECLARED_SELECTOR = YES;
				GCC_WARN_UNINITIALIZED_AUTOS = YES_AGGRESSIVE;
				GCC_WARN_UNUSED_FUNCTION = YES;
				GCC_WARN_UNUSED_VARIABLE = YES;
				IPHONEOS_DEPLOYMENT_TARGET = 10.3;
				MTL_ENABLE_DEBUG_INFO = NO;
				SDKROOT = iphoneos;
				SWIFT_OPTIMIZATION_LEVEL = "-Owholemodule";
				TARGETED_DEVICE_FAMILY = "1,2";
				VALIDATE_PRODUCT = YES;
			};
			name = Release;
		};
		7ACE72051F441D7600242454 /* Debug */ = {
			isa = XCBuildConfiguration;
			buildSettings = {
				ASSETCATALOG_COMPILER_APPICON_NAME = AppIcon;
				INFOPLIST_FILE = SwiftStudyDemo/Info.plist;
				LD_RUNPATH_SEARCH_PATHS = "$(inherited) @executable_path/Frameworks";
				PRODUCT_BUNDLE_IDENTIFIER = com.study.SwiftStudyDemo;
				PRODUCT_NAME = "$(TARGET_NAME)";
				SWIFT_VERSION = 3.0;
			};
			name = Debug;
		};
		7ACE72061F441D7600242454 /* Release */ = {
			isa = XCBuildConfiguration;
			buildSettings = {
				ASSETCATALOG_COMPILER_APPICON_NAME = AppIcon;
				INFOPLIST_FILE = SwiftStudyDemo/Info.plist;
				LD_RUNPATH_SEARCH_PATHS = "$(inherited) @executable_path/Frameworks";
				PRODUCT_BUNDLE_IDENTIFIER = com.study.SwiftStudyDemo;
				PRODUCT_NAME = "$(TARGET_NAME)";
				SWIFT_VERSION = 3.0;
			};
			name = Release;
		};
/* End XCBuildConfiguration section */

/* Begin XCConfigurationList section */
		7ACE71ED1F441D7500242454 /* Build configuration list for PBXProject "SwiftStudyDemo" */ = {
			isa = XCConfigurationList;
			buildConfigurations = (
				7ACE72021F441D7600242454 /* Debug */,
				7ACE72031F441D7600242454 /* Release */,
			);
			defaultConfigurationIsVisible = 0;
			defaultConfigurationName = Release;
		};
		7ACE72041F441D7600242454 /* Build configuration list for PBXNativeTarget "SwiftStudyDemo" */ = {
			isa = XCConfigurationList;
			buildConfigurations = (
				7ACE72051F441D7600242454 /* Debug */,
				7ACE72061F441D7600242454 /* Release */,
			);
			defaultConfigurationIsVisible = 0;
			defaultConfigurationName = Release;
		};
/* End XCConfigurationList section */
	};
	rootObject = 7ACE71EA1F441D7500242454 /* Project object */;
}
